// !$*UTF8*$!
{
	archiveVersion = 1;
	classes = {
	};
	objectVersion = 51;
	objects = {

/* Begin PBXBuildFile section */
		4E024B3A22F0F31A00AC6F70 /* GoogleService-Info.plist in Resources */ = {isa = PBXBuildFile; fileRef = 4E024B3922F0F31900AC6F70 /* GoogleService-Info.plist */; };
		4E35BA5C22C81A710067F276 /* AppDelegate.swift in Sources */ = {isa = PBXBuildFile; fileRef = 4E35BA5B22C81A710067F276 /* AppDelegate.swift */; };
		4E35BA5E22C81A710067F276 /* ViewController.swift in Sources */ = {isa = PBXBuildFile; fileRef = 4E35BA5D22C81A710067F276 /* ViewController.swift */; };
		4E35BA6122C81A710067F276 /* Main.storyboard in Resources */ = {isa = PBXBuildFile; fileRef = 4E35BA5F22C81A710067F276 /* Main.storyboard */; };
		4E35BA6322C81A740067F276 /* Assets.xcassets in Resources */ = {isa = PBXBuildFile; fileRef = 4E35BA6222C81A740067F276 /* Assets.xcassets */; };
		4E35BA6622C81A740067F276 /* LaunchScreen.storyboard in Resources */ = {isa = PBXBuildFile; fileRef = 4E35BA6422C81A740067F276 /* LaunchScreen.storyboard */; };
		4E35BA7122C81A740067F276 /* InventoryTests.swift in Sources */ = {isa = PBXBuildFile; fileRef = 4E35BA7022C81A740067F276 /* InventoryTests.swift */; };
		4E35BA7C22C81A740067F276 /* InventoryUITests.swift in Sources */ = {isa = PBXBuildFile; fileRef = 4E35BA7B22C81A740067F276 /* InventoryUITests.swift */; };
		4E35BA9022C81C670067F276 /* EditViewController.swift in Sources */ = {isa = PBXBuildFile; fileRef = 4E35BA8F22C81C670067F276 /* EditViewController.swift */; };
		4E35BA9222C81C750067F276 /* AddViewController.swift in Sources */ = {isa = PBXBuildFile; fileRef = 4E35BA9122C81C750067F276 /* AddViewController.swift */; };
		5E29F9B38D631B491EBCAB33 /* Pods_InventoryUITests.framework in Frameworks */ = {isa = PBXBuildFile; fileRef = A2FCECEDE611B54B9A34ED52 /* Pods_InventoryUITests.framework */; };
		D7333C61B07B0B8898BA9817 /* Pods_Inventory.framework in Frameworks */ = {isa = PBXBuildFile; fileRef = 03D0D7D95DD0305865BB57B8 /* Pods_Inventory.framework */; };
		EA75A60ADA8CF6550B3FB683 /* Pods_InventoryTests.framework in Frameworks */ = {isa = PBXBuildFile; fileRef = 3E0C1A4EAA5B74B1489C3477 /* Pods_InventoryTests.framework */; };
/* End PBXBuildFile section */

/* Begin PBXContainerItemProxy section */
		4E35BA6D22C81A740067F276 /* PBXContainerItemProxy */ = {
			isa = PBXContainerItemProxy;
			containerPortal = 4E35BA5022C81A710067F276 /* Project object */;
			proxyType = 1;
			remoteGlobalIDString = 4E35BA5722C81A710067F276;
			remoteInfo = Inventory;
		};
		4E35BA7822C81A740067F276 /* PBXContainerItemProxy */ = {
			isa = PBXContainerItemProxy;
			containerPortal = 4E35BA5022C81A710067F276 /* Project object */;
			proxyType = 1;
			remoteGlobalIDString = 4E35BA5722C81A710067F276;
			remoteInfo = Inventory;
		};
/* End PBXContainerItemProxy section */

/* Begin PBXFileReference section */
		0090D2F162A39ACB6ADC6F18 /* Pods-InventoryTests.release.xcconfig */ = {isa = PBXFileReference; includeInIndex = 1; lastKnownFileType = text.xcconfig; name = "Pods-InventoryTests.release.xcconfig"; path = "Target Support Files/Pods-InventoryTests/Pods-InventoryTests.release.xcconfig"; sourceTree = "<group>"; };
		03D0D7D95DD0305865BB57B8 /* Pods_Inventory.framework */ = {isa = PBXFileReference; explicitFileType = wrapper.framework; includeInIndex = 0; path = Pods_Inventory.framework; sourceTree = BUILT_PRODUCTS_DIR; };
		056597B2EDC5537D9276CEFF /* Pods-Inventory.debug.xcconfig */ = {isa = PBXFileReference; includeInIndex = 1; lastKnownFileType = text.xcconfig; name = "Pods-Inventory.debug.xcconfig"; path = "Target Support Files/Pods-Inventory/Pods-Inventory.debug.xcconfig"; sourceTree = "<group>"; };
		3E0C1A4EAA5B74B1489C3477 /* Pods_InventoryTests.framework */ = {isa = PBXFileReference; explicitFileType = wrapper.framework; includeInIndex = 0; path = Pods_InventoryTests.framework; sourceTree = BUILT_PRODUCTS_DIR; };
		4E024B3922F0F31900AC6F70 /* GoogleService-Info.plist */ = {isa = PBXFileReference; fileEncoding = 4; lastKnownFileType = text.plist.xml; path = "GoogleService-Info.plist"; sourceTree = "<group>"; };
		4E35BA5822C81A710067F276 /* Inventory.app */ = {isa = PBXFileReference; explicitFileType = wrapper.application; includeInIndex = 0; path = Inventory.app; sourceTree = BUILT_PRODUCTS_DIR; };
		4E35BA5B22C81A710067F276 /* AppDelegate.swift */ = {isa = PBXFileReference; lastKnownFileType = sourcecode.swift; path = AppDelegate.swift; sourceTree = "<group>"; };
		4E35BA5D22C81A710067F276 /* ViewController.swift */ = {isa = PBXFileReference; lastKnownFileType = sourcecode.swift; path = ViewController.swift; sourceTree = "<group>"; };
		4E35BA6022C81A710067F276 /* Base */ = {isa = PBXFileReference; lastKnownFileType = file.storyboard; name = Base; path = Base.lproj/Main.storyboard; sourceTree = "<group>"; };
		4E35BA6222C81A740067F276 /* Assets.xcassets */ = {isa = PBXFileReference; lastKnownFileType = folder.assetcatalog; path = Assets.xcassets; sourceTree = "<group>"; };
		4E35BA6522C81A740067F276 /* Base */ = {isa = PBXFileReference; lastKnownFileType = file.storyboard; name = Base; path = Base.lproj/LaunchScreen.storyboard; sourceTree = "<group>"; };
		4E35BA6722C81A740067F276 /* Info.plist */ = {isa = PBXFileReference; lastKnownFileType = text.plist.xml; path = Info.plist; sourceTree = "<group>"; };
		4E35BA6C22C81A740067F276 /* InventoryTests.xctest */ = {isa = PBXFileReference; explicitFileType = wrapper.cfbundle; includeInIndex = 0; path = InventoryTests.xctest; sourceTree = BUILT_PRODUCTS_DIR; };
		4E35BA7022C81A740067F276 /* InventoryTests.swift */ = {isa = PBXFileReference; lastKnownFileType = sourcecode.swift; path = InventoryTests.swift; sourceTree = "<group>"; };
		4E35BA7222C81A740067F276 /* Info.plist */ = {isa = PBXFileReference; lastKnownFileType = text.plist.xml; path = Info.plist; sourceTree = "<group>"; };
		4E35BA7722C81A740067F276 /* InventoryUITests.xctest */ = {isa = PBXFileReference; explicitFileType = wrapper.cfbundle; includeInIndex = 0; path = InventoryUITests.xctest; sourceTree = BUILT_PRODUCTS_DIR; };
		4E35BA7B22C81A740067F276 /* InventoryUITests.swift */ = {isa = PBXFileReference; lastKnownFileType = sourcecode.swift; path = InventoryUITests.swift; sourceTree = "<group>"; };
		4E35BA7D22C81A740067F276 /* Info.plist */ = {isa = PBXFileReference; lastKnownFileType = text.plist.xml; path = Info.plist; sourceTree = "<group>"; };
		4E35BA8F22C81C670067F276 /* EditViewController.swift */ = {isa = PBXFileReference; lastKnownFileType = sourcecode.swift; path = EditViewController.swift; sourceTree = "<group>"; };
		4E35BA9122C81C750067F276 /* AddViewController.swift */ = {isa = PBXFileReference; lastKnownFileType = sourcecode.swift; path = AddViewController.swift; sourceTree = "<group>"; };
		575BC4D542F7222E53CBBB8E /* Pods-Inventory.release.xcconfig */ = {isa = PBXFileReference; includeInIndex = 1; lastKnownFileType = text.xcconfig; name = "Pods-Inventory.release.xcconfig"; path = "Target Support Files/Pods-Inventory/Pods-Inventory.release.xcconfig"; sourceTree = "<group>"; };
		88A09732023CC30663594307 /* Pods-InventoryUITests.debug.xcconfig */ = {isa = PBXFileReference; includeInIndex = 1; lastKnownFileType = text.xcconfig; name = "Pods-InventoryUITests.debug.xcconfig"; path = "Target Support Files/Pods-InventoryUITests/Pods-InventoryUITests.debug.xcconfig"; sourceTree = "<group>"; };
		A2FCECEDE611B54B9A34ED52 /* Pods_InventoryUITests.framework */ = {isa = PBXFileReference; explicitFileType = wrapper.framework; includeInIndex = 0; path = Pods_InventoryUITests.framework; sourceTree = BUILT_PRODUCTS_DIR; };
		A57EE1812E8FB03D20A7C73E /* Pods-InventoryUITests.release.xcconfig */ = {isa = PBXFileReference; includeInIndex = 1; lastKnownFileType = text.xcconfig; name = "Pods-InventoryUITests.release.xcconfig"; path = "Target Support Files/Pods-InventoryUITests/Pods-InventoryUITests.release.xcconfig"; sourceTree = "<group>"; };
		E760159B3AC717F47CE711BD /* Pods-InventoryTests.debug.xcconfig */ = {isa = PBXFileReference; includeInIndex = 1; lastKnownFileType = text.xcconfig; name = "Pods-InventoryTests.debug.xcconfig"; path = "Target Support Files/Pods-InventoryTests/Pods-InventoryTests.debug.xcconfig"; sourceTree = "<group>"; };
/* End PBXFileReference section */

/* Begin PBXFrameworksBuildPhase section */
		4E35BA5522C81A710067F276 /* Frameworks */ = {
			isa = PBXFrameworksBuildPhase;
			buildActionMask = 2147483647;
			files = (
				D7333C61B07B0B8898BA9817 /* Pods_Inventory.framework in Frameworks */,
			);
			runOnlyForDeploymentPostprocessing = 0;
		};
		4E35BA6922C81A740067F276 /* Frameworks */ = {
			isa = PBXFrameworksBuildPhase;
			buildActionMask = 2147483647;
			files = (
				EA75A60ADA8CF6550B3FB683 /* Pods_InventoryTests.framework in Frameworks */,
			);
			runOnlyForDeploymentPostprocessing = 0;
		};
		4E35BA7422C81A740067F276 /* Frameworks */ = {
			isa = PBXFrameworksBuildPhase;
			buildActionMask = 2147483647;
			files = (
				5E29F9B38D631B491EBCAB33 /* Pods_InventoryUITests.framework in Frameworks */,
			);
			runOnlyForDeploymentPostprocessing = 0;
		};
/* End PBXFrameworksBuildPhase section */

/* Begin PBXGroup section */
		01BF06561A8E19FD86A4FDCE /* Frameworks */ = {
			isa = PBXGroup;
			children = (
				03D0D7D95DD0305865BB57B8 /* Pods_Inventory.framework */,
				3E0C1A4EAA5B74B1489C3477 /* Pods_InventoryTests.framework */,
				A2FCECEDE611B54B9A34ED52 /* Pods_InventoryUITests.framework */,
			);
			name = Frameworks;
			sourceTree = "<group>";
		};
		47A6C5A6A821A71F1D645D19 /* Pods */ = {
			isa = PBXGroup;
			children = (
				056597B2EDC5537D9276CEFF /* Pods-Inventory.debug.xcconfig */,
				575BC4D542F7222E53CBBB8E /* Pods-Inventory.release.xcconfig */,
				E760159B3AC717F47CE711BD /* Pods-InventoryTests.debug.xcconfig */,
				0090D2F162A39ACB6ADC6F18 /* Pods-InventoryTests.release.xcconfig */,
				88A09732023CC30663594307 /* Pods-InventoryUITests.debug.xcconfig */,
				A57EE1812E8FB03D20A7C73E /* Pods-InventoryUITests.release.xcconfig */,
			);
			path = Pods;
			sourceTree = "<group>";
		};
		4E35BA4F22C81A710067F276 = {
			isa = PBXGroup;
			children = (
				4E024B3922F0F31900AC6F70 /* GoogleService-Info.plist */,
				4E35BA5A22C81A710067F276 /* Inventory */,
				4E35BA6F22C81A740067F276 /* InventoryTests */,
				4E35BA7A22C81A740067F276 /* InventoryUITests */,
				4E35BA5922C81A710067F276 /* Products */,
				47A6C5A6A821A71F1D645D19 /* Pods */,
				01BF06561A8E19FD86A4FDCE /* Frameworks */,
			);
			sourceTree = "<group>";
		};
		4E35BA5922C81A710067F276 /* Products */ = {
			isa = PBXGroup;
			children = (
				4E35BA5822C81A710067F276 /* Inventory.app */,
				4E35BA6C22C81A740067F276 /* InventoryTests.xctest */,
				4E35BA7722C81A740067F276 /* InventoryUITests.xctest */,
			);
			name = Products;
			sourceTree = "<group>";
		};
		4E35BA5A22C81A710067F276 /* Inventory */ = {
			isa = PBXGroup;
			children = (
				4E35BA5B22C81A710067F276 /* AppDelegate.swift */,
				4E35BA5D22C81A710067F276 /* ViewController.swift */,
				4E35BA5F22C81A710067F276 /* Main.storyboard */,
				4E35BA8F22C81C670067F276 /* EditViewController.swift */,
				4E35BA9122C81C750067F276 /* AddViewController.swift */,
				4E35BA6222C81A740067F276 /* Assets.xcassets */,
				4E35BA6422C81A740067F276 /* LaunchScreen.storyboard */,
				4E35BA6722C81A740067F276 /* Info.plist */,
			);
			path = Inventory;
			sourceTree = "<group>";
		};
		4E35BA6F22C81A740067F276 /* InventoryTests */ = {
			isa = PBXGroup;
			children = (
				4E35BA7022C81A740067F276 /* InventoryTests.swift */,
				4E35BA7222C81A740067F276 /* Info.plist */,
			);
			path = InventoryTests;
			sourceTree = "<group>";
		};
		4E35BA7A22C81A740067F276 /* InventoryUITests */ = {
			isa = PBXGroup;
			children = (
				4E35BA7B22C81A740067F276 /* InventoryUITests.swift */,
				4E35BA7D22C81A740067F276 /* Info.plist */,
			);
			path = InventoryUITests;
			sourceTree = "<group>";
		};
/* End PBXGroup section */

/* Begin PBXNativeTarget section */
		4E35BA5722C81A710067F276 /* Inventory */ = {
			isa = PBXNativeTarget;
			buildConfigurationList = 4E35BA8022C81A740067F276 /* Build configuration list for PBXNativeTarget "Inventory" */;
			buildPhases = (
				D214002858D7DB609477A724 /* [CP] Check Pods Manifest.lock */,
				4E35BA5422C81A710067F276 /* Sources */,
				4E35BA5522C81A710067F276 /* Frameworks */,
				4E35BA5622C81A710067F276 /* Resources */,
				57706767D98D68359641CC38 /* [CP] Embed Pods Frameworks */,
			);
			buildRules = (
			);
			dependencies = (
			);
			name = Inventory;
			productName = Inventory;
			productReference = 4E35BA5822C81A710067F276 /* Inventory.app */;
			productType = "com.apple.product-type.application";
		};
		4E35BA6B22C81A740067F276 /* InventoryTests */ = {
			isa = PBXNativeTarget;
			buildConfigurationList = 4E35BA8322C81A740067F276 /* Build configuration list for PBXNativeTarget "InventoryTests" */;
			buildPhases = (
				6FEE4930D523450F43783722 /* [CP] Check Pods Manifest.lock */,
				4E35BA6822C81A740067F276 /* Sources */,
				4E35BA6922C81A740067F276 /* Frameworks */,
				4E35BA6A22C81A740067F276 /* Resources */,
			);
			buildRules = (
			);
			dependencies = (
				4E35BA6E22C81A740067F276 /* PBXTargetDependency */,
			);
			name = InventoryTests;
			productName = InventoryTests;
			productReference = 4E35BA6C22C81A740067F276 /* InventoryTests.xctest */;
			productType = "com.apple.product-type.bundle.unit-test";
		};
		4E35BA7622C81A740067F276 /* InventoryUITests */ = {
			isa = PBXNativeTarget;
			buildConfigurationList = 4E35BA8622C81A740067F276 /* Build configuration list for PBXNativeTarget "InventoryUITests" */;
			buildPhases = (
				64E02DA6927E7FE0A8FB04C5 /* [CP] Check Pods Manifest.lock */,
				4E35BA7322C81A740067F276 /* Sources */,
				4E35BA7422C81A740067F276 /* Frameworks */,
				4E35BA7522C81A740067F276 /* Resources */,
			);
			buildRules = (
			);
			dependencies = (
				4E35BA7922C81A740067F276 /* PBXTargetDependency */,
			);
			name = InventoryUITests;
			productName = InventoryUITests;
			productReference = 4E35BA7722C81A740067F276 /* InventoryUITests.xctest */;
			productType = "com.apple.product-type.bundle.ui-testing";
		};
/* End PBXNativeTarget section */

/* Begin PBXProject section */
		4E35BA5022C81A710067F276 /* Project object */ = {
			isa = PBXProject;
			attributes = {
				LastSwiftUpdateCheck = 1020;
				LastUpgradeCheck = 1020;
				ORGANIZATIONNAME = "Austin Vaughn";
				TargetAttributes = {
					4E35BA5722C81A710067F276 = {
						CreatedOnToolsVersion = 10.2.1;
					};
					4E35BA6B22C81A740067F276 = {
						CreatedOnToolsVersion = 10.2.1;
						TestTargetID = 4E35BA5722C81A710067F276;
					};
					4E35BA7622C81A740067F276 = {
						CreatedOnToolsVersion = 10.2.1;
						TestTargetID = 4E35BA5722C81A710067F276;
					};
				};
			};
			buildConfigurationList = 4E35BA5322C81A710067F276 /* Build configuration list for PBXProject "Inventory" */;
			compatibilityVersion = "Xcode 9.3";
			developmentRegion = en;
			hasScannedForEncodings = 0;
			knownRegions = (
				en,
				Base,
			);
			mainGroup = 4E35BA4F22C81A710067F276;
			productRefGroup = 4E35BA5922C81A710067F276 /* Products */;
			projectDirPath = "";
			projectRoot = "";
			targets = (
				4E35BA5722C81A710067F276 /* Inventory */,
				4E35BA6B22C81A740067F276 /* InventoryTests */,
				4E35BA7622C81A740067F276 /* InventoryUITests */,
			);
		};
/* End PBXProject section */

/* Begin PBXResourcesBuildPhase section */
		4E35BA5622C81A710067F276 /* Resources */ = {
			isa = PBXResourcesBuildPhase;
			buildActionMask = 2147483647;
			files = (
				4E35BA6622C81A740067F276 /* LaunchScreen.storyboard in Resources */,
				4E024B3A22F0F31A00AC6F70 /* GoogleService-Info.plist in Resources */,
				4E35BA6322C81A740067F276 /* Assets.xcassets in Resources */,
				4E35BA6122C81A710067F276 /* Main.storyboard in Resources */,
			);
			runOnlyForDeploymentPostprocessing = 0;
		};
		4E35BA6A22C81A740067F276 /* Resources */ = {
			isa = PBXResourcesBuildPhase;
			buildActionMask = 2147483647;
			files = (
			);
			runOnlyForDeploymentPostprocessing = 0;
		};
		4E35BA7522C81A740067F276 /* Resources */ = {
			isa = PBXResourcesBuildPhase;
			buildActionMask = 2147483647;
			files = (
			);
			runOnlyForDeploymentPostprocessing = 0;
		};
/* End PBXResourcesBuildPhase section */

/* Begin PBXShellScriptBuildPhase section */
		57706767D98D68359641CC38 /* [CP] Embed Pods Frameworks */ = {
			isa = PBXShellScriptBuildPhase;
			buildActionMask = 2147483647;
			files = (
			);
			inputFileListPaths = (
				"${PODS_ROOT}/Target Support Files/Pods-Inventory/Pods-Inventory-frameworks-${CONFIGURATION}-input-files.xcfilelist",
			);
			name = "[CP] Embed Pods Frameworks";
			outputFileListPaths = (
				"${PODS_ROOT}/Target Support Files/Pods-Inventory/Pods-Inventory-frameworks-${CONFIGURATION}-output-files.xcfilelist",
			);
			runOnlyForDeploymentPostprocessing = 0;
			shellPath = /bin/sh;
			shellScript = "\"${PODS_ROOT}/Target Support Files/Pods-Inventory/Pods-Inventory-frameworks.sh\"\n";
			showEnvVarsInLog = 0;
		};
		64E02DA6927E7FE0A8FB04C5 /* [CP] Check Pods Manifest.lock */ = {
			isa = PBXShellScriptBuildPhase;
			buildActionMask = 2147483647;
			files = (
			);
			inputFileListPaths = (
			);
			inputPaths = (
				"${PODS_PODFILE_DIR_PATH}/Podfile.lock",
				"${PODS_ROOT}/Manifest.lock",
			);
			name = "[CP] Check Pods Manifest.lock";
			outputFileListPaths = (
			);
			outputPaths = (
				"$(DERIVED_FILE_DIR)/Pods-InventoryUITests-checkManifestLockResult.txt",
			);
			runOnlyForDeploymentPostprocessing = 0;
			shellPath = /bin/sh;
			shellScript = "diff \"${PODS_PODFILE_DIR_PATH}/Podfile.lock\" \"${PODS_ROOT}/Manifest.lock\" > /dev/null\nif [ $? != 0 ] ; then\n    # print error to STDERR\n    echo \"error: The sandbox is not in sync with the Podfile.lock. Run 'pod install' or update your CocoaPods installation.\" >&2\n    exit 1\nfi\n# This output is used by Xcode 'outputs' to avoid re-running this script phase.\necho \"SUCCESS\" > \"${SCRIPT_OUTPUT_FILE_0}\"\n";
			showEnvVarsInLog = 0;
		};
		6FEE4930D523450F43783722 /* [CP] Check Pods Manifest.lock */ = {
			isa = PBXShellScriptBuildPhase;
			buildActionMask = 2147483647;
			files = (
			);
			inputFileListPaths = (
			);
			inputPaths = (
				"${PODS_PODFILE_DIR_PATH}/Podfile.lock",
				"${PODS_ROOT}/Manifest.lock",
			);
			name = "[CP] Check Pods Manifest.lock";
			outputFileListPaths = (
			);
			outputPaths = (
				"$(DERIVED_FILE_DIR)/Pods-InventoryTests-checkManifestLockResult.txt",
			);
			runOnlyForDeploymentPostprocessing = 0;
			shellPath = /bin/sh;
			shellScript = "diff \"${PODS_PODFILE_DIR_PATH}/Podfile.lock\" \"${PODS_ROOT}/Manifest.lock\" > /dev/null\nif [ $? != 0 ] ; then\n    # print error to STDERR\n    echo \"error: The sandbox is not in sync with the Podfile.lock. Run 'pod install' or update your CocoaPods installation.\" >&2\n    exit 1\nfi\n# This output is used by Xcode 'outputs' to avoid re-running this script phase.\necho \"SUCCESS\" > \"${SCRIPT_OUTPUT_FILE_0}\"\n";
			showEnvVarsInLog = 0;
		};
		D214002858D7DB609477A724 /* [CP] Check Pods Manifest.lock */ = {
			isa = PBXShellScriptBuildPhase;
			buildActionMask = 2147483647;
			files = (
			);
			inputFileListPaths = (
			);
			inputPaths = (
				"${PODS_PODFILE_DIR_PATH}/Podfile.lock",
				"${PODS_ROOT}/Manifest.lock",
			);
			name = "[CP] Check Pods Manifest.lock";
			outputFileListPaths = (
			);
			outputPaths = (
				"$(DERIVED_FILE_DIR)/Pods-Inventory-checkManifestLockResult.txt",
			);
			runOnlyForDeploymentPostprocessing = 0;
			shellPath = /bin/sh;
			shellScript = "diff \"${PODS_PODFILE_DIR_PATH}/Podfile.lock\" \"${PODS_ROOT}/Manifest.lock\" > /dev/null\nif [ $? != 0 ] ; then\n    # print error to STDERR\n    echo \"error: The sandbox is not in sync with the Podfile.lock. Run 'pod install' or update your CocoaPods installation.\" >&2\n    exit 1\nfi\n# This output is used by Xcode 'outputs' to avoid re-running this script phase.\necho \"SUCCESS\" > \"${SCRIPT_OUTPUT_FILE_0}\"\n";
			showEnvVarsInLog = 0;
		};
/* End PBXShellScriptBuildPhase section */

/* Begin PBXSourcesBuildPhase section */
		4E35BA5422C81A710067F276 /* Sources */ = {
			isa = PBXSourcesBuildPhase;
			buildActionMask = 2147483647;
			files = (
				4E35BA5E22C81A710067F276 /* ViewController.swift in Sources */,
				4E35BA5C22C81A710067F276 /* AppDelegate.swift in Sources */,
				4E35BA9222C81C750067F276 /* AddViewController.swift in Sources */,
				4E35BA9022C81C670067F276 /* EditViewController.swift in Sources */,
			);
			runOnlyForDeploymentPostprocessing = 0;
		};
		4E35BA6822C81A740067F276 /* Sources */ = {
			isa = PBXSourcesBuildPhase;
			buildActionMask = 2147483647;
			files = (
				4E35BA7122C81A740067F276 /* InventoryTests.swift in Sources */,
			);
			runOnlyForDeploymentPostprocessing = 0;
		};
		4E35BA7322C81A740067F276 /* Sources */ = {
			isa = PBXSourcesBuildPhase;
			buildActionMask = 2147483647;
			files = (
				4E35BA7C22C81A740067F276 /* InventoryUITests.swift in Sources */,
			);
			runOnlyForDeploymentPostprocessing = 0;
		};
/* End PBXSourcesBuildPhase section */

/* Begin PBXTargetDependency section */
		4E35BA6E22C81A740067F276 /* PBXTargetDependency */ = {
			isa = PBXTargetDependency;
			target = 4E35BA5722C81A710067F276 /* Inventory */;
			targetProxy = 4E35BA6D22C81A740067F276 /* PBXContainerItemProxy */;
		};
		4E35BA7922C81A740067F276 /* PBXTargetDependency */ = {
			isa = PBXTargetDependency;
			target = 4E35BA5722C81A710067F276 /* Inventory */;
			targetProxy = 4E35BA7822C81A740067F276 /* PBXContainerItemProxy */;
		};
/* End PBXTargetDependency section */

/* Begin PBXVariantGroup section */
		4E35BA5F22C81A710067F276 /* Main.storyboard */ = {
			isa = PBXVariantGroup;
			children = (
				4E35BA6022C81A710067F276 /* Base */,
			);
			name = Main.storyboard;
			sourceTree = "<group>";
		};
		4E35BA6422C81A740067F276 /* LaunchScreen.storyboard */ = {
			isa = PBXVariantGroup;
			children = (
				4E35BA6522C81A740067F276 /* Base */,
			);
			name = LaunchScreen.storyboard;
			sourceTree = "<group>";
		};
/* End PBXVariantGroup section */

/* Begin XCBuildConfiguration section */
		4E35BA7E22C81A740067F276 /* Debug */ = {
			isa = XCBuildConfiguration;
			buildSettings = {
				ALWAYS_SEARCH_USER_PATHS = NO;
				CLANG_ANALYZER_NONNULL = YES;
				CLANG_ANALYZER_NUMBER_OBJECT_CONVERSION = YES_AGGRESSIVE;
				CLANG_CXX_LANGUAGE_STANDARD = "gnu++14";
				CLANG_CXX_LIBRARY = "libc++";
				CLANG_ENABLE_MODULES = YES;
				CLANG_ENABLE_OBJC_ARC = YES;
				CLANG_ENABLE_OBJC_WEAK = YES;
				CLANG_WARN_BLOCK_CAPTURE_AUTORELEASING = YES;
				CLANG_WARN_BOOL_CONVERSION = YES;
				CLANG_WARN_COMMA = YES;
				CLANG_WARN_CONSTANT_CONVERSION = YES;
				CLANG_WARN_DEPRECATED_OBJC_IMPLEMENTATIONS = YES;
				CLANG_WARN_DIRECT_OBJC_ISA_USAGE = YES_ERROR;
				CLANG_WARN_DOCUMENTATION_COMMENTS = YES;
				CLANG_WARN_EMPTY_BODY = YES;
				CLANG_WARN_ENUM_CONVERSION = YES;
				CLANG_WARN_INFINITE_RECURSION = YES;
				CLANG_WARN_INT_CONVERSION = YES;
				CLANG_WARN_NON_LITERAL_NULL_CONVERSION = YES;
				CLANG_WARN_OBJC_IMPLICIT_RETAIN_SELF = YES;
				CLANG_WARN_OBJC_LITERAL_CONVERSION = YES;
				CLANG_WARN_OBJC_ROOT_CLASS = YES_ERROR;
				CLANG_WARN_RANGE_LOOP_ANALYSIS = YES;
				CLANG_WARN_STRICT_PROTOTYPES = YES;
				CLANG_WARN_SUSPICIOUS_MOVE = YES;
				CLANG_WARN_UNGUARDED_AVAILABILITY = YES_AGGRESSIVE;
				CLANG_WARN_UNREACHABLE_CODE = YES;
				CLANG_WARN__DUPLICATE_METHOD_MATCH = YES;
				CODE_SIGN_IDENTITY = "iPhone Developer";
				COPY_PHASE_STRIP = NO;
				DEBUG_INFORMATION_FORMAT = dwarf;
				ENABLE_STRICT_OBJC_MSGSEND = YES;
				ENABLE_TESTABILITY = YES;
				GCC_C_LANGUAGE_STANDARD = gnu11;
				GCC_DYNAMIC_NO_PIC = NO;
				GCC_NO_COMMON_BLOCKS = YES;
				GCC_OPTIMIZATION_LEVEL = 0;
				GCC_PREPROCESSOR_DEFINITIONS = (
					"DEBUG=1",
					"$(inherited)",
				);
				GCC_WARN_64_TO_32_BIT_CONVERSION = YES;
				GCC_WARN_ABOUT_RETURN_TYPE = YES_ERROR;
				GCC_WARN_UNDECLARED_SELECTOR = YES;
				GCC_WARN_UNINITIALIZED_AUTOS = YES_AGGRESSIVE;
				GCC_WARN_UNUSED_FUNCTION = YES;
				GCC_WARN_UNUSED_VARIABLE = YES;
				IPHONEOS_DEPLOYMENT_TARGET = 12.2;
				MTL_ENABLE_DEBUG_INFO = INCLUDE_SOURCE;
				MTL_FAST_MATH = YES;
				ONLY_ACTIVE_ARCH = YES;
				SDKROOT = iphoneos;
				SWIFT_ACTIVE_COMPILATION_CONDITIONS = DEBUG;
				SWIFT_OPTIMIZATION_LEVEL = "-Onone";
			};
			name = Debug;
		};
		4E35BA7F22C81A740067F276 /* Release */ = {
			isa = XCBuildConfiguration;
			buildSettings = {
				ALWAYS_SEARCH_USER_PATHS = NO;
				CLANG_ANALYZER_NONNULL = YES;
				CLANG_ANALYZER_NUMBER_OBJECT_CONVERSION = YES_AGGRESSIVE;
				CLANG_CXX_LANGUAGE_STANDARD = "gnu++14";
				CLANG_CXX_LIBRARY = "libc++";
				CLANG_ENABLE_MODULES = YES;
				CLANG_ENABLE_OBJC_ARC = YES;
				CLANG_ENABLE_OBJC_WEAK = YES;
				CLANG_WARN_BLOCK_CAPTURE_AUTORELEASING = YES;
				CLANG_WARN_BOOL_CONVERSION = YES;
				CLANG_WARN_COMMA = YES;
				CLANG_WARN_CONSTANT_CONVERSION = YES;
				CLANG_WARN_DEPRECATED_OBJC_IMPLEMENTATIONS = YES;
				CLANG_WARN_DIRECT_OBJC_ISA_USAGE = YES_ERROR;
				CLANG_WARN_DOCUMENTATION_COMMENTS = YES;
				CLANG_WARN_EMPTY_BODY = YES;
				CLANG_WARN_ENUM_CONVERSION = YES;
				CLANG_WARN_INFINITE_RECURSION = YES;
				CLANG_WARN_INT_CONVERSION = YES;
				CLANG_WARN_NON_LITERAL_NULL_CONVERSION = YES;
				CLANG_WARN_OBJC_IMPLICIT_RETAIN_SELF = YES;
				CLANG_WARN_OBJC_LITERAL_CONVERSION = YES;
				CLANG_WARN_OBJC_ROOT_CLASS = YES_ERROR;
				CLANG_WARN_RANGE_LOOP_ANALYSIS = YES;
				CLANG_WARN_STRICT_PROTOTYPES = YES;
				CLANG_WARN_SUSPICIOUS_MOVE = YES;
				CLANG_WARN_UNGUARDED_AVAILABILITY = YES_AGGRESSIVE;
				CLANG_WARN_UNREACHABLE_CODE = YES;
				CLANG_WARN__DUPLICATE_METHOD_MATCH = YES;
				CODE_SIGN_IDENTITY = "iPhone Developer";
				COPY_PHASE_STRIP = NO;
				DEBUG_INFORMATION_FORMAT = "dwarf-with-dsym";
				ENABLE_NS_ASSERTIONS = NO;
				ENABLE_STRICT_OBJC_MSGSEND = YES;
				GCC_C_LANGUAGE_STANDARD = gnu11;
				GCC_NO_COMMON_BLOCKS = YES;
				GCC_WARN_64_TO_32_BIT_CONVERSION = YES;
				GCC_WARN_ABOUT_RETURN_TYPE = YES_ERROR;
				GCC_WARN_UNDECLARED_SELECTOR = YES;
				GCC_WARN_UNINITIALIZED_AUTOS = YES_AGGRESSIVE;
				GCC_WARN_UNUSED_FUNCTION = YES;
				GCC_WARN_UNUSED_VARIABLE = YES;
				IPHONEOS_DEPLOYMENT_TARGET = 12.2;
				MTL_ENABLE_DEBUG_INFO = NO;
				MTL_FAST_MATH = YES;
				SDKROOT = iphoneos;
				SWIFT_COMPILATION_MODE = wholemodule;
				SWIFT_OPTIMIZATION_LEVEL = "-O";
				VALIDATE_PRODUCT = YES;
			};
			name = Release;
		};
		4E35BA8122C81A740067F276 /* Debug */ = {
			isa = XCBuildConfiguration;
			baseConfigurationReference = 056597B2EDC5537D9276CEFF /* Pods-Inventory.debug.xcconfig */;
			buildSettings = {
				ASSETCATALOG_COMPILER_APPICON_NAME = "AppIcon-1";
				CODE_SIGN_STYLE = Automatic;
				DEVELOPMENT_TEAM = X4564H9565;
				INFOPLIST_FILE = Inventory/Info.plist;
				LD_RUNPATH_SEARCH_PATHS = (
					"$(inherited)",
					"@executable_path/Frameworks",
				);
				PRODUCT_BUNDLE_IDENTIFIER = com.15avaughn.JapaneseLookup;
				PRODUCT_NAME = "$(TARGET_NAME)";
				SWIFT_VERSION = 5.0;
				TARGETED_DEVICE_FAMILY = "1,2";
			};
			name = Debug;
		};
		4E35BA8222C81A740067F276 /* Release */ = {
			isa = XCBuildConfiguration;
			baseConfigurationReference = 575BC4D542F7222E53CBBB8E /* Pods-Inventory.release.xcconfig */;
			buildSettings = {
				ASSETCATALOG_COMPILER_APPICON_NAME = "AppIcon-1";
				CODE_SIGN_STYLE = Automatic;
				DEVELOPMENT_TEAM = X4564H9565;
				INFOPLIST_FILE = Inventory/Info.plist;
				LD_RUNPATH_SEARCH_PATHS = (
					"$(inherited)",
					"@executable_path/Frameworks",
				);
				PRODUCT_BUNDLE_IDENTIFIER = com.15avaughn.JapaneseLookup;
				PRODUCT_NAME = "$(TARGET_NAME)";
				SWIFT_VERSION = 5.0;
				TARGETED_DEVICE_FAMILY = "1,2";
			};
			name = Release;
		};
		4E35BA8422C81A740067F276 /* Debug */ = {
			isa = XCBuildConfiguration;
			baseConfigurationReference = E760159B3AC717F47CE711BD /* Pods-InventoryTests.debug.xcconfig */;
			buildSettings = {
				ALWAYS_EMBED_SWIFT_STANDARD_LIBRARIES = YES;
				BUNDLE_LOADER = "$(TEST_HOST)";
				CODE_SIGN_STYLE = Automatic;
				DEVELOPMENT_TEAM = X4564H9565;
				INFOPLIST_FILE = InventoryTests/Info.plist;
				LD_RUNPATH_SEARCH_PATHS = (
					"$(inherited)",
					"@executable_path/Frameworks",
					"@loader_path/Frameworks",
				);
				PRODUCT_BUNDLE_IDENTIFIER = "Austin-Vaughn.InventoryTests";
				PRODUCT_NAME = "$(TARGET_NAME)";
				SWIFT_VERSION = 5.0;
				TARGETED_DEVICE_FAMILY = "1,2";
				TEST_HOST = "$(BUILT_PRODUCTS_DIR)/Inventory.app/Inventory";
			};
			name = Debug;
		};
		4E35BA8522C81A740067F276 /* Release */ = {
			isa = XCBuildConfiguration;
			baseConfigurationReference = 0090D2F162A39ACB6ADC6F18 /* Pods-InventoryTests.release.xcconfig */;
			buildSettings = {
				ALWAYS_EMBED_SWIFT_STANDARD_LIBRARIES = YES;
				BUNDLE_LOADER = "$(TEST_HOST)";
				CODE_SIGN_STYLE = Automatic;
				DEVELOPMENT_TEAM = X4564H9565;
				INFOPLIST_FILE = InventoryTests/Info.plist;
				LD_RUNPATH_SEARCH_PATHS = (
					"$(inherited)",
					"@executable_path/Frameworks",
					"@loader_path/Frameworks",
				);
				PRODUCT_BUNDLE_IDENTIFIER = "Austin-Vaughn.InventoryTests";
				PRODUCT_NAME = "$(TARGET_NAME)";
				SWIFT_VERSION = 5.0;
				TARGETED_DEVICE_FAMILY = "1,2";
				TEST_HOST = "$(BUILT_PRODUCTS_DIR)/Inventory.app/Inventory";
			};
			name = Release;
		};
		4E35BA8722C81A740067F276 /* Debug */ = {
			isa = XCBuildConfiguration;
			baseConfigurationReference = 88A09732023CC30663594307 /* Pods-InventoryUITests.debug.xcconfig */;
			buildSettings = {
				ALWAYS_EMBED_SWIFT_STANDARD_LIBRARIES = YES;
				CODE_SIGN_STYLE = Automatic;
				DEVELOPMENT_TEAM = X4564H9565;
				INFOPLIST_FILE = InventoryUITests/Info.plist;
				LD_RUNPATH_SEARCH_PATHS = (
					"$(inherited)",
					"@executable_path/Frameworks",
					"@loader_path/Frameworks",
				);
				PRODUCT_BUNDLE_IDENTIFIER = "Austin-Vaughn.InventoryUITests";
				PRODUCT_NAME = "$(TARGET_NAME)";
				SWIFT_VERSION = 5.0;
				TARGETED_DEVICE_FAMILY = "1,2";
				TEST_TARGET_NAME = Inventory;
			};
			name = Debug;
		};
		4E35BA8822C81A740067F276 /* Release */ = {
			isa = XCBuildConfiguration;
			baseConfigurationReference = A57EE1812E8FB03D20A7C73E /* Pods-InventoryUITests.release.xcconfig */;
			buildSettings = {
				ALWAYS_EMBED_SWIFT_STANDARD_LIBRARIES = YES;
				CODE_SIGN_STYLE = Automatic;
				DEVELOPMENT_TEAM = X4564H9565;
				INFOPLIST_FILE = InventoryUITests/Info.plist;
				LD_RUNPATH_SEARCH_PATHS = (
					"$(inherited)",
					"@executable_path/Frameworks",
					"@loader_path/Frameworks",
				);
				PRODUCT_BUNDLE_IDENTIFIER = "Austin-Vaughn.InventoryUITests";
				PRODUCT_NAME = "$(TARGET_NAME)";
				SWIFT_VERSION = 5.0;
				TARGETED_DEVICE_FAMILY = "1,2";
				TEST_TARGET_NAME = Inventory;
			};
			name = Release;
		};
/* End XCBuildConfiguration section */

/* Begin XCConfigurationList section */
		4E35BA5322C81A710067F276 /* Build configuration list for PBXProject "Inventory" */ = {
			isa = XCConfigurationList;
			buildConfigurations = (
				4E35BA7E22C81A740067F276 /* Debug */,
				4E35BA7F22C81A740067F276 /* Release */,
			);
			defaultConfigurationIsVisible = 0;
			defaultConfigurationName = Release;
		};
		4E35BA8022C81A740067F276 /* Build configuration list for PBXNativeTarget "Inventory" */ = {
			isa = XCConfigurationList;
			buildConfigurations = (
				4E35BA8122C81A740067F276 /* Debug */,
				4E35BA8222C81A740067F276 /* Release */,
			);
			defaultConfigurationIsVisible = 0;
			defaultConfigurationName = Release;
		};
		4E35BA8322C81A740067F276 /* Build configuration list for PBXNativeTarget "InventoryTests" */ = {
			isa = XCConfigurationList;
			buildConfigurations = (
				4E35BA8422C81A740067F276 /* Debug */,
				4E35BA8522C81A740067F276 /* Release */,
			);
			defaultConfigurationIsVisible = 0;
			defaultConfigurationName = Release;
		};
		4E35BA8622C81A740067F276 /* Build configuration list for PBXNativeTarget "InventoryUITests" */ = {
			isa = XCConfigurationList;
			buildConfigurations = (
				4E35BA8722C81A740067F276 /* Debug */,
				4E35BA8822C81A740067F276 /* Release */,
			);
			defaultConfigurationIsVisible = 0;
			defaultConfigurationName = Release;
		};
/* End XCConfigurationList section */
	};
	rootObject = 4E35BA5022C81A710067F276 /* Project object */;
}
